
Microsoft Visual Studio Solution File, Format Version 12.00
Project("{2150E333-8FDC-42A3-9474-1A3956D46DE8}") = "Solution items", "Solution items", "{46E27045-75E3-4C9F-844C-8BED6C9B8A48}"
	ProjectSection(SolutionItems) = preProject
		..\README.md = ..\README.md
	EndProjectSection
EndProject
Project("{FAE04EC0-301F-11D3-BF4B-00C04F79EFBC}") = "UploadApiExample", "UploadApiExample.csproj", "{D8AD2B80-7844-4C65-BD72-F2EE60E04C1A}"
EndProject
Global
	GlobalSection(SolutionConfigurationPlatforms) = preSolution
		Debug|Any CPU = Debug|Any CPU
		Release|Any CPU = Release|Any CPU
	EndGlobalSection
	GlobalSection(ProjectConfigurationPlatforms) = postSolution
		{D8AD2B80-7844-4C65-BD72-F2EE60E04C1A}.Debug|Any CPU.ActiveCfg = Debug|Any CPU
		{D8AD2B80-7844-4C65-BD72-F2EE60E04C1A}.Debug|Any CPU.Build.0 = Debug|Any CPU
		{D8AD2B80-7844-4C65-BD72-F2EE60E04C1A}.Release|Any CPU.ActiveCfg = Release|Any CPU
		{D8AD2B80-7844-4C65-BD72-F2EE60E04C1A}.Release|Any CPU.Build.0 = Release|Any CPU
	EndGlobalSection
EndGlobal
